{
    "requires": true,
    "lockfileVersion": 1,
    "dependencies": {
        "@vimeo/player": {
            "version": "2.16.4",
            "resolved": "https://registry.npmjs.org/@vimeo/player/-/player-2.16.4.tgz",
            "integrity": "sha512-i+ids9ziQuai3mp8XzF9Q5b2hLgRCekRcefdnoy+RkKUR8Xq0cJndnk9jHugEOw8v6PLj7tO3eEAw4lu2/AG2Q==",
            "requires": {
                "native-promise-only": "0.8.1",
                "weakmap-polyfill": "2.0.4"
            }
        },
        "native-promise-only": {
            "version": "0.8.1",
            "resolved": "https://registry.npmjs.org/native-promise-only/-/native-promise-only-0.8.1.tgz",
            "integrity": "sha1-IKMYwwy0X3H+et+/eyHJnBRy7xE="
        },
        "weakmap-polyfill": {
            "version": "2.0.4",
            "resolved": "https://registry.npmjs.org/weakmap-polyfill/-/weakmap-polyfill-2.0.4.tgz",
            "integrity": "sha512-ZzxBf288iALJseijWelmECm/1x7ZwQn3sMYIkDr2VvZp7r6SEKuT8D0O9Wiq6L9Nl5mazrOMcmiZE/2NCenaxw=="
        }
    }
}
